version = 1
revision = 3
requires-python = "==3.10.18"

[[package]]
name = "cffi"
version = "2.0.0"
source = { registry = "https://pypi.org/simple" }
dependencies = [
    { name = "pycparser", marker = "implementation_name != 'PyPy'" },
]
sdist = { url = "https://files.pythonhosted.org/packages/eb/56/b1ba7935a17738ae8453301356628e8147c79dbb825bcbc73dc7401f9846/cffi-2.0.0.tar.gz", hash = "sha256:44d1b5909021139fe36001ae048dbdde8214afa20200eda0f64c068cac5d5529", size = 523588, upload-time = "2025-09-08T23:24:04.541Z" }
wheels = [
    { url = "https://files.pythonhosted.org/packages/93/d7/516d984057745a6cd96575eea814fe1edd6646ee6efd552fb7b0921dec83/cffi-2.0.0-cp310-cp310-macosx_10_13_x86_64.whl", hash = "sha256:0cf2d91ecc3fcc0625c2c530fe004f82c110405f101548512cce44322fa8ac44", size = 184283, upload-time = "2025-09-08T23:22:08.01Z" },
    { url = "https://files.pythonhosted.org/packages/9e/84/ad6a0b408daa859246f57c03efd28e5dd1b33c21737c2db84cae8c237aa5/cffi-2.0.0-cp310-cp310-macosx_11_0_arm64.whl", hash = "sha256:f73b96c41e3b2adedc34a7356e64c8eb96e03a3782b535e043a986276ce12a49", size = 180504, upload-time = "2025-09-08T23:22:10.637Z" },
    { url = "https://files.pythonhosted.org/packages/50/bd/b1a6362b80628111e6653c961f987faa55262b4002fcec42308cad1db680/cffi-2.0.0-cp310-cp310-manylinux1_i686.manylinux2014_i686.manylinux_2_17_i686.manylinux_2_5_i686.whl", hash = "sha256:53f77cbe57044e88bbd5ed26ac1d0514d2acf0591dd6bb02a3ae37f76811b80c", size = 208811, upload-time = "2025-09-08T23:22:12.267Z" },
    { url = "https://files.pythonhosted.org/packages/4f/27/6933a8b2562d7bd1fb595074cf99cc81fc3789f6a6c05cdabb46284a3188/cffi-2.0.0-cp310-cp310-manylinux2014_aarch64.manylinux_2_17_aarch64.whl", hash = "sha256:3e837e369566884707ddaf85fc1744b47575005c0a229de3327f8f9a20f4efeb", size = 216402, upload-time = "2025-09-08T23:22:13.455Z" },
    { url = "https://files.pythonhosted.org/packages/05/eb/b86f2a2645b62adcfff53b0dd97e8dfafb5c8aa864bd0d9a2c2049a0d551/cffi-2.0.0-cp310-cp310-manylinux2014_ppc64le.manylinux_2_17_ppc64le.whl", hash = "sha256:5eda85d6d1879e692d546a078b44251cdd08dd1cfb98dfb77b670c97cee49ea0", size = 203217, upload-time = "2025-09-08T23:22:14.596Z" },
    { url = "https://files.pythonhosted.org/packages/9f/e0/6cbe77a53acf5acc7c08cc186c9928864bd7c005f9efd0d126884858a5fe/cffi-2.0.0-cp310-cp310-manylinux2014_s390x.manylinux_2_17_s390x.whl", hash = "sha256:9332088d75dc3241c702d852d4671613136d90fa6881da7d770a483fd05248b4", size = 203079, upload-time = "2025-09-08T23:22:15.769Z" },
    { url = "https://files.pythonhosted.org/packages/98/29/9b366e70e243eb3d14a5cb488dfd3a0b6b2f1fb001a203f653b93ccfac88/cffi-2.0.0-cp310-cp310-manylinux2014_x86_64.manylinux_2_17_x86_64.whl", hash = "sha256:fc7de24befaeae77ba923797c7c87834c73648a05a4bde34b3b7e5588973a453", size = 216475, upload-time = "2025-09-08T23:22:17.427Z" },
    { url = "https://files.pythonhosted.org/packages/21/7a/13b24e70d2f90a322f2900c5d8e1f14fa7e2a6b3332b7309ba7b2ba51a5a/cffi-2.0.0-cp310-cp310-musllinux_1_2_aarch64.whl", hash = "sha256:cf364028c016c03078a23b503f02058f1814320a56ad535686f90565636a9495", size = 218829, upload-time = "2025-09-08T23:22:19.069Z" },
    { url = "https://files.pythonhosted.org/packages/60/99/c9dc110974c59cc981b1f5b66e1d8af8af764e00f0293266824d9c4254bc/cffi-2.0.0-cp310-cp310-musllinux_1_2_i686.whl", hash = "sha256:e11e82b744887154b182fd3e7e8512418446501191994dbf9c9fc1f32cc8efd5", size = 211211, upload-time = "2025-09-08T23:22:20.588Z" },
    { url = "https://files.pythonhosted.org/packages/49/72/ff2d12dbf21aca1b32a40ed792ee6b40f6dc3a9cf1644bd7ef6e95e0ac5e/cffi-2.0.0-cp310-cp310-musllinux_1_2_x86_64.whl", hash = "sha256:8ea985900c5c95ce9db1745f7933eeef5d314f0565b27625d9a10ec9881e1bfb", size = 218036, upload-time = "2025-09-08T23:22:22.143Z" },
    { url = "https://files.pythonhosted.org/packages/e2/cc/027d7fb82e58c48ea717149b03bcadcbdc293553edb283af792bd4bcbb3f/cffi-2.0.0-cp310-cp310-win32.whl", hash = "sha256:1f72fb8906754ac8a2cc3f9f5aaa298070652a0ffae577e0ea9bd480dc3c931a", size = 172184, upload-time = "2025-09-08T23:22:23.328Z" },
    { url = "https://files.pythonhosted.org/packages/33/fa/072dd15ae27fbb4e06b437eb6e944e75b068deb09e2a2826039e49ee2045/cffi-2.0.0-cp310-cp310-win_amd64.whl", hash = "sha256:b18a3ed7d5b3bd8d9ef7a8cb226502c6bf8308df1525e1cc676c3680e7176739", size = 182790, upload-time = "2025-09-08T23:22:24.752Z" },
]

[[package]]
name = "cryptography"
version = "46.0.4"
source = { registry = "https://pypi.org/simple" }
dependencies = [
    { name = "cffi", marker = "platform_python_implementation != 'PyPy'" },
    { name = "typing-extensions" },
]
sdist = { url = "https://files.pythonhosted.org/packages/78/19/f748958276519adf6a0c1e79e7b8860b4830dda55ccdf29f2719b5fc499c/cryptography-46.0.4.tar.gz", hash = "sha256:bfd019f60f8abc2ed1b9be4ddc21cfef059c841d86d710bb69909a688cbb8f59", size = 749301, upload-time = "2026-01-28T00:24:37.379Z" }
wheels = [
    { url = "https://files.pythonhosted.org/packages/8d/99/157aae7949a5f30d51fcb1a9851e8ebd5c74bf99b5285d8bb4b8b9ee641e/cryptography-46.0.4-cp311-abi3-macosx_10_9_universal2.whl", hash = "sha256:281526e865ed4166009e235afadf3a4c4cba6056f99336a99efba65336fd5485", size = 7173686, upload-time = "2026-01-28T00:23:07.515Z" },
    { url = "https://files.pythonhosted.org/packages/87/91/874b8910903159043b5c6a123b7e79c4559ddd1896e38967567942635778/cryptography-46.0.4-cp311-abi3-manylinux2014_aarch64.manylinux_2_17_aarch64.whl", hash = "sha256:5f14fba5bf6f4390d7ff8f086c566454bff0411f6d8aa7af79c88b6f9267aecc", size = 4275871, upload-time = "2026-01-28T00:23:09.439Z" },
    { url = "https://files.pythonhosted.org/packages/c0/35/690e809be77896111f5b195ede56e4b4ed0435b428c2f2b6d35046fbb5e8/cryptography-46.0.4-cp311-abi3-manylinux2014_x86_64.manylinux_2_17_x86_64.whl", hash = "sha256:47bcd19517e6389132f76e2d5303ded6cf3f78903da2158a671be8de024f4cd0", size = 4423124, upload-time = "2026-01-28T00:23:11.529Z" },
    { url = "https://files.pythonhosted.org/packages/1a/5b/a26407d4f79d61ca4bebaa9213feafdd8806dc69d3d290ce24996d3cfe43/cryptography-46.0.4-cp311-abi3-manylinux_2_28_aarch64.whl", hash = "sha256:01df4f50f314fbe7009f54046e908d1754f19d0c6d3070df1e6268c5a4af09fa", size = 4277090, upload-time = "2026-01-28T00:23:13.123Z" },
    { url = "https://files.pythonhosted.org/packages/0c/d8/4bb7aec442a9049827aa34cee1aa83803e528fa55da9a9d45d01d1bb933e/cryptography-46.0.4-cp311-abi3-manylinux_2_28_ppc64le.whl", hash = "sha256:5aa3e463596b0087b3da0dbe2b2487e9fc261d25da85754e30e3b40637d61f81", size = 4947652, upload-time = "2026-01-28T00:23:14.554Z" },
    { url = "https://files.pythonhosted.org/packages/2b/08/f83e2e0814248b844265802d081f2fac2f1cbe6cd258e72ba14ff006823a/cryptography-46.0.4-cp311-abi3-manylinux_2_28_x86_64.whl", hash = "sha256:0a9ad24359fee86f131836a9ac3bffc9329e956624a2d379b613f8f8abaf5255", size = 4455157, upload-time = "2026-01-28T00:23:16.443Z" },
    { url = "https://files.pythonhosted.org/packages/0a/05/19d849cf4096448779d2dcc9bb27d097457dac36f7273ffa875a93b5884c/cryptography-46.0.4-cp311-abi3-manylinux_2_31_armv7l.whl", hash = "sha256:dc1272e25ef673efe72f2096e92ae39dea1a1a450dd44918b15351f72c5a168e", size = 3981078, upload-time = "2026-01-28T00:23:17.838Z" },
    { url = "https://files.pythonhosted.org/packages/e6/89/f7bac81d66ba7cde867a743ea5b37537b32b5c633c473002b26a226f703f/cryptography-46.0.4-cp311-abi3-manylinux_2_34_aarch64.whl", hash = "sha256:de0f5f4ec8711ebc555f54735d4c673fc34b65c44283895f1a08c2b49d2fd99c", size = 4276213, upload-time = "2026-01-28T00:23:19.257Z" },
    { url = "https://files.pythonhosted.org/packages/da/9f/7133e41f24edd827020ad21b068736e792bc68eecf66d93c924ad4719fb3/cryptography-46.0.4-cp311-abi3-manylinux_2_34_ppc64le.whl", hash = "sha256:eeeb2e33d8dbcccc34d64651f00a98cb41b2dc69cef866771a5717e6734dfa32", size = 4912190, upload-time = "2026-01-28T00:23:21.244Z" },
    { url = "https://files.pythonhosted.org/packages/a6/f7/6d43cbaddf6f65b24816e4af187d211f0bc536a29961f69faedc48501d8e/cryptography-46.0.4-cp311-abi3-manylinux_2_34_x86_64.whl", hash = "sha256:3d425eacbc9aceafd2cb429e42f4e5d5633c6f873f5e567077043ef1b9bbf616", size = 4454641, upload-time = "2026-01-28T00:23:22.866Z" },
    { url = "https://files.pythonhosted.org/packages/9e/4f/ebd0473ad656a0ac912a16bd07db0f5d85184924e14fc88feecae2492834/cryptography-46.0.4-cp311-abi3-musllinux_1_2_aarch64.whl", hash = "sha256:91627ebf691d1ea3976a031b61fb7bac1ccd745afa03602275dda443e11c8de0", size = 4405159, upload-time = "2026-01-28T00:23:25.278Z" },
    { url = "https://files.pythonhosted.org/packages/d1/f7/7923886f32dc47e27adeff8246e976d77258fd2aa3efdd1754e4e323bf49/cryptography-46.0.4-cp311-abi3-musllinux_1_2_x86_64.whl", hash = "sha256:2d08bc22efd73e8854b0b7caff402d735b354862f1145d7be3b9c0f740fef6a0", size = 4666059, upload-time = "2026-01-28T00:23:26.766Z" },
    { url = "https://files.pythonhosted.org/packages/eb/a7/0fca0fd3591dffc297278a61813d7f661a14243dd60f499a7a5b48acb52a/cryptography-46.0.4-cp311-abi3-win32.whl", hash = "sha256:82a62483daf20b8134f6e92898da70d04d0ef9a75829d732ea1018678185f4f5", size = 3026378, upload-time = "2026-01-28T00:23:28.317Z" },
    { url = "https://files.pythonhosted.org/packages/2d/12/652c84b6f9873f0909374864a57b003686c642ea48c84d6c7e2c515e6da5/cryptography-46.0.4-cp311-abi3-win_amd64.whl", hash = "sha256:6225d3ebe26a55dbc8ead5ad1265c0403552a63336499564675b29eb3184c09b", size = 3478614, upload-time = "2026-01-28T00:23:30.275Z" },
    { url = "https://files.pythonhosted.org/packages/56/f7/f648fdbb61d0d45902d3f374217451385edc7e7768d1b03ff1d0e5ffc17b/cryptography-46.0.4-cp38-abi3-macosx_10_9_universal2.whl", hash = "sha256:a9556ba711f7c23f77b151d5798f3ac44a13455cc68db7697a1096e6d0563cab", size = 7169583, upload-time = "2026-01-28T00:23:56.558Z" },
    { url = "https://files.pythonhosted.org/packages/d8/cc/8f3224cbb2a928de7298d6ed4790f5ebc48114e02bdc9559196bfb12435d/cryptography-46.0.4-cp38-abi3-manylinux2014_aarch64.manylinux_2_17_aarch64.whl", hash = "sha256:8bf75b0259e87fa70bddc0b8b4078b76e7fd512fd9afae6c1193bcf440a4dbef", size = 4275419, upload-time = "2026-01-28T00:23:58.364Z" },
    { url = "https://files.pythonhosted.org/packages/17/43/4a18faa7a872d00e4264855134ba82d23546c850a70ff209e04ee200e76f/cryptography-46.0.4-cp38-abi3-manylinux2014_x86_64.manylinux_2_17_x86_64.whl", hash = "sha256:3c268a3490df22270955966ba236d6bc4a8f9b6e4ffddb78aac535f1a5ea471d", size = 4419058, upload-time = "2026-01-28T00:23:59.867Z" },
    { url = "https://files.pythonhosted.org/packages/ee/64/6651969409821d791ba12346a124f55e1b76f66a819254ae840a965d4b9c/cryptography-46.0.4-cp38-abi3-manylinux_2_28_aarch64.whl", hash = "sha256:812815182f6a0c1d49a37893a303b44eaac827d7f0d582cecfc81b6427f22973", size = 4278151, upload-time = "2026-01-28T00:24:01.731Z" },
    { url = "https://files.pythonhosted.org/packages/20/0b/a7fce65ee08c3c02f7a8310cc090a732344066b990ac63a9dfd0a655d321/cryptography-46.0.4-cp38-abi3-manylinux_2_28_ppc64le.whl", hash = "sha256:a90e43e3ef65e6dcf969dfe3bb40cbf5aef0d523dff95bfa24256be172a845f4", size = 4939441, upload-time = "2026-01-28T00:24:03.175Z" },
    { url = "https://files.pythonhosted.org/packages/db/a7/20c5701e2cd3e1dfd7a19d2290c522a5f435dd30957d431dcb531d0f1413/cryptography-46.0.4-cp38-abi3-manylinux_2_28_x86_64.whl", hash = "sha256:a05177ff6296644ef2876fce50518dffb5bcdf903c85250974fc8bc85d54c0af", size = 4451617, upload-time = "2026-01-28T00:24:05.403Z" },
    { url = "https://files.pythonhosted.org/packages/00/dc/3e16030ea9aa47b63af6524c354933b4fb0e352257c792c4deeb0edae367/cryptography-46.0.4-cp38-abi3-manylinux_2_31_armv7l.whl", hash = "sha256:daa392191f626d50f1b136c9b4cf08af69ca8279d110ea24f5c2700054d2e263", size = 3977774, upload-time = "2026-01-28T00:24:06.851Z" },
    { url = "https://files.pythonhosted.org/packages/42/c8/ad93f14118252717b465880368721c963975ac4b941b7ef88f3c56bf2897/cryptography-46.0.4-cp38-abi3-manylinux_2_34_aarch64.whl", hash = "sha256:e07ea39c5b048e085f15923511d8121e4a9dc45cee4e3b970ca4f0d338f23095", size = 4277008, upload-time = "2026-01-28T00:24:08.926Z" },
    { url = "https://files.pythonhosted.org/packages/00/cf/89c99698151c00a4631fbfcfcf459d308213ac29e321b0ff44ceeeac82f1/cryptography-46.0.4-cp38-abi3-manylinux_2_34_ppc64le.whl", hash = "sha256:d5a45ddc256f492ce42a4e35879c5e5528c09cd9ad12420828c972951d8e016b", size = 4903339, upload-time = "2026-01-28T00:24:12.009Z" },
    { url = "https://files.pythonhosted.org/packages/03/c3/c90a2cb358de4ac9309b26acf49b2a100957e1ff5cc1e98e6c4996576710/cryptography-46.0.4-cp38-abi3-manylinux_2_34_x86_64.whl", hash = "sha256:6bb5157bf6a350e5b28aee23beb2d84ae6f5be390b2f8ee7ea179cda077e1019", size = 4451216, upload-time = "2026-01-28T00:24:13.975Z" },
    { url = "https://files.pythonhosted.org/packages/96/2c/8d7f4171388a10208671e181ca43cdc0e596d8259ebacbbcfbd16de593da/cryptography-46.0.4-cp38-abi3-musllinux_1_2_aarch64.whl", hash = "sha256:dd5aba870a2c40f87a3af043e0dee7d9eb02d4aff88a797b48f2b43eff8c3ab4", size = 4404299, upload-time = "2026-01-28T00:24:16.169Z" },
    { url = "https://files.pythonhosted.org/packages/e9/23/cbb2036e450980f65c6e0a173b73a56ff3bccd8998965dea5cc9ddd424a5/cryptography-46.0.4-cp38-abi3-musllinux_1_2_x86_64.whl", hash = "sha256:93d8291da8d71024379ab2cb0b5c57915300155ad42e07f76bea6ad838d7e59b", size = 4664837, upload-time = "2026-01-28T00:24:17.629Z" },
    { url = "https://files.pythonhosted.org/packages/0a/21/f7433d18fe6d5845329cbdc597e30caf983229c7a245bcf54afecc555938/cryptography-46.0.4-cp38-abi3-win32.whl", hash = "sha256:0563655cb3c6d05fb2afe693340bc050c30f9f34e15763361cf08e94749401fc", size = 3009779, upload-time = "2026-01-28T00:24:20.198Z" },
    { url = "https://files.pythonhosted.org/packages/3a/6a/bd2e7caa2facffedf172a45c1a02e551e6d7d4828658c9a245516a598d94/cryptography-46.0.4-cp38-abi3-win_amd64.whl", hash = "sha256:fa0900b9ef9c49728887d1576fd8d9e7e3ea872fa9b25ef9b64888adc434e976", size = 3466633, upload-time = "2026-01-28T00:24:21.851Z" },
]

[[package]]
name = "erwin-schema-sync"
version = "0.1.0"
source = { virtual = "." }
dependencies = [
    { name = "oracledb" },
    { name = "python-dotenv" },
    { name = "pywin32" },
]

[package.metadata]
requires-dist = [
    { name = "oracledb", specifier = ">=3.4.2" },
    { name = "python-dotenv", specifier = ">=1.2.1" },
    { name = "pywin32", specifier = ">=311" },
]

[[package]]
name = "oracledb"
version = "3.4.2"
source = { registry = "https://pypi.org/simple" }
dependencies = [
    { name = "cryptography" },
    { name = "typing-extensions" },
]
sdist = { url = "https://files.pythonhosted.org/packages/f7/02/70a872d1a4a739b4f7371ab8d3d5ed8c6e57e142e2503531aafcb220893c/oracledb-3.4.2.tar.gz", hash = "sha256:46e0f2278ff1fe83fbc33a3b93c72d429323ec7eed47bc9484e217776cd437e5", size = 855467, upload-time = "2026-01-28T17:25:39.91Z" }
wheels = [
    { url = "https://files.pythonhosted.org/packages/4c/5d/b8a0ca1c520fa43ae33260f6f8ca9bd468ade43da7986029bc214965df12/oracledb-3.4.2-cp310-cp310-macosx_10_9_universal2.whl", hash = "sha256:ff3c89cecea62af8ca02aa33cab0f2edc0214c747eac7d3364ed6b2640cb55e4", size = 4243966, upload-time = "2026-01-28T17:25:45.05Z" },
    { url = "https://files.pythonhosted.org/packages/f6/43/26e2bbb2a6ee31392a339089e53cb2e386ca795ff4fbe2f673c167821bd6/oracledb-3.4.2-cp310-cp310-manylinux2014_aarch64.manylinux_2_17_aarch64.manylinux_2_28_aarch64.whl", hash = "sha256:e068ef844a327877bfefbef1bc6fb7284c727bb87af80095f08d95bcaf7b8bb2", size = 2426056, upload-time = "2026-01-28T17:25:47.176Z" },
    { url = "https://files.pythonhosted.org/packages/09/ba/11ee1d044295465a04ff45c6e3023d35400bb3f67bc5fed9408f0f2dc04c/oracledb-3.4.2-cp310-cp310-manylinux2014_x86_64.manylinux_2_17_x86_64.manylinux_2_28_x86_64.whl", hash = "sha256:9f434a739405557bd57cb39b62238142bb27855a524a70dc6d397a2a8c576c9d", size = 2603062, upload-time = "2026-01-28T17:25:49.817Z" },
    { url = "https://files.pythonhosted.org/packages/c5/bc/292f2f5f7b65a667787871e300889ab8f4a3b9cfd88c5d78f828a40f6d31/oracledb-3.4.2-cp310-cp310-win32.whl", hash = "sha256:00c79448017f367bb7ab6900efe0706658a53768abea2b4519a4c9b2d5743890", size = 1496639, upload-time = "2026-01-28T17:25:51.298Z" },
    { url = "https://files.pythonhosted.org/packages/21/23/81931c16663e771937c0161bb90460668d2a5f7982b5030ab7bef3b3a4f9/oracledb-3.4.2-cp310-cp310-win_amd64.whl", hash = "sha256:574c8280d49cbbe21dbe03fc28356d9b9a5b9e300ebcde6c6d106e51453a7e65", size = 1837314, upload-time = "2026-01-28T17:25:52.718Z" },
]

[[package]]
name = "pycparser"
version = "3.0"
source = { registry = "https://pypi.org/simple" }
sdist = { url = "https://files.pythonhosted.org/packages/1b/7d/92392ff7815c21062bea51aa7b87d45576f649f16458d78b7cf94b9ab2e6/pycparser-3.0.tar.gz", hash = "sha256:600f49d217304a5902ac3c37e1281c9fe94e4d0489de643a9504c5cdfdfc6b29", size = 103492, upload-time = "2026-01-21T14:26:51.89Z" }
wheels = [
    { url = "https://files.pythonhosted.org/packages/0c/c3/44f3fbbfa403ea2a7c779186dc20772604442dde72947e7d01069cbe98e3/pycparser-3.0-py3-none-any.whl", hash = "sha256:b727414169a36b7d524c1c3e31839a521725078d7b2ff038656844266160a992", size = 48172, upload-time = "2026-01-21T14:26:50.693Z" },
]

[[package]]
name = "python-dotenv"
version = "1.2.1"
source = { registry = "https://pypi.org/simple" }
sdist = { url = "https://files.pythonhosted.org/packages/f0/26/19cadc79a718c5edbec86fd4919a6b6d3f681039a2f6d66d14be94e75fb9/python_dotenv-1.2.1.tar.gz", hash = "sha256:42667e897e16ab0d66954af0e60a9caa94f0fd4ecf3aaf6d2d260eec1aa36ad6", size = 44221, upload-time = "2025-10-26T15:12:10.434Z" }
wheels = [
    { url = "https://files.pythonhosted.org/packages/14/1b/a298b06749107c305e1fe0f814c6c74aea7b2f1e10989cb30f544a1b3253/python_dotenv-1.2.1-py3-none-any.whl", hash = "sha256:b81ee9561e9ca4004139c6cbba3a238c32b03e4894671e181b671e8cb8425d61", size = 21230, upload-time = "2025-10-26T15:12:09.109Z" },
]

[[package]]
name = "pywin32"
version = "311"
source = { registry = "https://pypi.org/simple" }
wheels = [
    { url = "https://files.pythonhosted.org/packages/7b/40/44efbb0dfbd33aca6a6483191dae0716070ed99e2ecb0c53683f400a0b4f/pywin32-311-cp310-cp310-win32.whl", hash = "sha256:d03ff496d2a0cd4a5893504789d4a15399133fe82517455e78bad62efbb7f0a3", size = 8760432, upload-time = "2025-07-14T20:13:05.9Z" },
    { url = "https://files.pythonhosted.org/packages/5e/bf/360243b1e953bd254a82f12653974be395ba880e7ec23e3731d9f73921cc/pywin32-311-cp310-cp310-win_amd64.whl", hash = "sha256:797c2772017851984b97180b0bebe4b620bb86328e8a884bb626156295a63b3b", size = 9590103, upload-time = "2025-07-14T20:13:07.698Z" },
    { url = "https://files.pythonhosted.org/packages/57/38/d290720e6f138086fb3d5ffe0b6caa019a791dd57866940c82e4eeaf2012/pywin32-311-cp310-cp310-win_arm64.whl", hash = "sha256:0502d1facf1fed4839a9a51ccbcc63d952cf318f78ffc00a7e78528ac27d7a2b", size = 8778557, upload-time = "2025-07-14T20:13:11.11Z" },
]

[[package]]
name = "typing-extensions"
version = "4.15.0"
source = { registry = "https://pypi.org/simple" }
sdist = { url = "https://files.pythonhosted.org/packages/72/94/1a15dd82efb362ac84269196e94cf00f187f7ed21c242792a923cdb1c61f/typing_extensions-4.15.0.tar.gz", hash = "sha256:0cea48d173cc12fa28ecabc3b837ea3cf6f38c6d1136f85cbaaf598984861466", size = 109391, upload-time = "2025-08-25T13:49:26.313Z" }
wheels = [
    { url = "https://files.pythonhosted.org/packages/18/67/36e9267722cc04a6b9f15c7f3441c2363321a3ea07da7ae0c0707beb2a9c/typing_extensions-4.15.0-py3-none-any.whl", hash = "sha256:f0fa19c6845758ab08074a0cfa8b7aecb71c999ca73d62883bc25cc018c4e548", size = 44614, upload-time = "2025-08-25T13:49:24.86Z" },
]
